
Microsoft Visual Studio Solution File, Format Version 12.00
# Visual Studio Version 17
VisualStudioVersion = 17.3.32901.215
MinimumVisualStudioVersion = 10.0.40219.1
Project("{FAE04EC0-301F-11D3-BF4B-00C04F79EFBC}") = "Student_DTO", "Student_DTO\Student_DTO.csproj", "{6788245A-D855-4181-9A0B-405F01A2A878}"
	ProjectSection(ProjectDependencies) = postProject
		{BBE3133D-D73C-4B92-ACD9-638D905037A8} = {BBE3133D-D73C-4B92-ACD9-638D905037A8}
	EndProjectSection
EndProject
Project("{FAE04EC0-301F-11D3-BF4B-00C04F79EFBC}") = "Student_DAL", "Student_BAL\Student_DAL.csproj", "{AEEFBCD8-9519-4CF6-ACEC-8B32D0470316}"
EndProject
Project("{FAE04EC0-301F-11D3-BF4B-00C04F79EFBC}") = "Student_BLL", "Student_DLL\Student_BLL.csproj", "{5F62FB05-AF59-42A1-BD20-CC6706FC2B09}"
EndProject
Project("{FAE04EC0-301F-11D3-BF4B-00C04F79EFBC}") = "Student_GUI", "Student_GUI\Student_GUI.csproj", "{BBE3133D-D73C-4B92-ACD9-638D905037A8}"
EndProject
Global
	GlobalSection(SolutionConfigurationPlatforms) = preSolution
		Debug|Any CPU = Debug|Any CPU
		Release|Any CPU = Release|Any CPU
	EndGlobalSection
	GlobalSection(ProjectConfigurationPlatforms) = postSolution
		{6788245A-D855-4181-9A0B-405F01A2A878}.Debug|Any CPU.ActiveCfg = Debug|Any CPU
		{6788245A-D855-4181-9A0B-405F01A2A878}.Debug|Any CPU.Build.0 = Debug|Any CPU
		{6788245A-D855-4181-9A0B-405F01A2A878}.Release|Any CPU.ActiveCfg = Release|Any CPU
		{6788245A-D855-4181-9A0B-405F01A2A878}.Release|Any CPU.Build.0 = Release|Any CPU
		{AEEFBCD8-9519-4CF6-ACEC-8B32D0470316}.Debug|Any CPU.ActiveCfg = Debug|Any CPU
		{AEEFBCD8-9519-4CF6-ACEC-8B32D0470316}.Debug|Any CPU.Build.0 = Debug|Any CPU
		{AEEFBCD8-9519-4CF6-ACEC-8B32D0470316}.Release|Any CPU.ActiveCfg = Release|Any CPU
		{AEEFBCD8-9519-4CF6-ACEC-8B32D0470316}.Release|Any CPU.Build.0 = Release|Any CPU
		{5F62FB05-AF59-42A1-BD20-CC6706FC2B09}.Debug|Any CPU.ActiveCfg = Debug|Any CPU
		{5F62FB05-AF59-42A1-BD20-CC6706FC2B09}.Debug|Any CPU.Build.0 = Debug|Any CPU
		{5F62FB05-AF59-42A1-BD20-CC6706FC2B09}.Release|Any CPU.ActiveCfg = Release|Any CPU
		{5F62FB05-AF59-42A1-BD20-CC6706FC2B09}.Release|Any CPU.Build.0 = Release|Any CPU
		{BBE3133D-D73C-4B92-ACD9-638D905037A8}.Debug|Any CPU.ActiveCfg = Debug|Any CPU
		{BBE3133D-D73C-4B92-ACD9-638D905037A8}.Debug|Any CPU.Build.0 = Debug|Any CPU
		{BBE3133D-D73C-4B92-ACD9-638D905037A8}.Release|Any CPU.ActiveCfg = Release|Any CPU
		{BBE3133D-D73C-4B92-ACD9-638D905037A8}.Release|Any CPU.Build.0 = Release|Any CPU
	EndGlobalSection
	GlobalSection(SolutionProperties) = preSolution
		HideSolutionNode = FALSE
	EndGlobalSection
	GlobalSection(ExtensibilityGlobals) = postSolution
		SolutionGuid = {58EA546D-7848-4367-8C86-B98488819B24}
	EndGlobalSection
EndGlobal
